
Microsoft Visual Studio Solution File, Format Version 12.00
# Visual Studio Version 17
VisualStudioVersion = 17.5.33516.290
MinimumVisualStudioVersion = 10.0.40219.1
Project("{FAE04EC0-301F-11D3-BF4B-00C04F79EFBC}") = "PlayersGuns", "PlayersGuns.csproj", "{5DAFAC7C-1407-41E1-9533-29B69E09B550}"
EndProject
Global
	GlobalSection(SolutionConfigurationPlatforms) = preSolution
		Debug|Any CPU = Debug|Any CPU
		Release|Any CPU = Release|Any CPU
	EndGlobalSection
	GlobalSection(ProjectConfigurationPlatforms) = postSolution
		{5DAFAC7C-1407-41E1-9533-29B69E09B550}.Debug|Any CPU.ActiveCfg = Debug|Any CPU
		{5DAFAC7C-1407-41E1-9533-29B69E09B550}.Debug|Any CPU.Build.0 = Debug|Any CPU
		{5DAFAC7C-1407-41E1-9533-29B69E09B550}.Release|Any CPU.ActiveCfg = Release|Any CPU
		{5DAFAC7C-1407-41E1-9533-29B69E09B550}.Release|Any CPU.Build.0 = Release|Any CPU
	EndGlobalSection
	GlobalSection(SolutionProperties) = preSolution
		HideSolutionNode = FALSE
	EndGlobalSection
	GlobalSection(ExtensibilityGlobals) = postSolution
		SolutionGuid = {9883CB9E-83FF-4E80-AF54-C61F487A6694}
	EndGlobalSection
EndGlobal
