
Microsoft Visual Studio Solution File, Format Version 12.00
# Visual Studio Version 17
VisualStudioVersion = 17.0.31903.59
MinimumVisualStudioVersion = 10.0.40219.1
Project("{FAE04EC0-301F-11D3-BF4B-00C04F79EFBC}") = "MethodsReturnGame", "MethodsReturnGame\MethodsReturnGame.csproj", "{CF45845B-7E36-4F21-9952-3BF6C4C092BF}"
EndProject
Global
	GlobalSection(SolutionConfigurationPlatforms) = preSolution
		Debug|Any CPU = Debug|Any CPU
		Release|Any CPU = Release|Any CPU
	EndGlobalSection
	GlobalSection(SolutionProperties) = preSolution
		HideSolutionNode = FALSE
	EndGlobalSection
	GlobalSection(ProjectConfigurationPlatforms) = postSolution
		{CF45845B-7E36-4F21-9952-3BF6C4C092BF}.Debug|Any CPU.ActiveCfg = Debug|Any CPU
		{CF45845B-7E36-4F21-9952-3BF6C4C092BF}.Debug|Any CPU.Build.0 = Debug|Any CPU
		{CF45845B-7E36-4F21-9952-3BF6C4C092BF}.Release|Any CPU.ActiveCfg = Release|Any CPU
		{CF45845B-7E36-4F21-9952-3BF6C4C092BF}.Release|Any CPU.Build.0 = Release|Any CPU
	EndGlobalSection
EndGlobal
