
Microsoft Visual Studio Solution File, Format Version 12.00
# Visual Studio Version 17
VisualStudioVersion = 17.9.34723.18
MinimumVisualStudioVersion = 10.0.40219.1
Project("{9A19103F-16F7-4668-BE54-9A1E7A4F7556}") = "MvcMovie", "MvcMovie.csproj", "{E4D2C565-E4F1-4BB0-8052-2C65E8AEEFC0}"
EndProject
Project("{2150E333-8FDC-42A3-9474-1A3956D46DE8}") = "Solution Items", "Solution Items", "{1302E4BA-1A12-4B78-B5F8-3D58AFC69AB4}"
	ProjectSection(SolutionItems) = preProject
		Readme.md = Readme.md
	EndProjectSection
EndProject
Global
	GlobalSection(SolutionConfigurationPlatforms) = preSolution
		Debug|Any CPU = Debug|Any CPU
		Release|Any CPU = Release|Any CPU
	EndGlobalSection
	GlobalSection(ProjectConfigurationPlatforms) = postSolution
		{E4D2C565-E4F1-4BB0-8052-2C65E8AEEFC0}.Debug|Any CPU.ActiveCfg = Debug|Any CPU
		{E4D2C565-E4F1-4BB0-8052-2C65E8AEEFC0}.Debug|Any CPU.Build.0 = Debug|Any CPU
		{E4D2C565-E4F1-4BB0-8052-2C65E8AEEFC0}.Release|Any CPU.ActiveCfg = Release|Any CPU
		{E4D2C565-E4F1-4BB0-8052-2C65E8AEEFC0}.Release|Any CPU.Build.0 = Release|Any CPU
	EndGlobalSection
	GlobalSection(SolutionProperties) = preSolution
		HideSolutionNode = FALSE
	EndGlobalSection
	GlobalSection(ExtensibilityGlobals) = postSolution
		SolutionGuid = {435D7197-D010-4EAE-BE62-7FC39775F838}
	EndGlobalSection
EndGlobal
