
Microsoft Visual Studio Solution File, Format Version 12.00
# Visual Studio Version 17
VisualStudioVersion = 17.9.34701.34
MinimumVisualStudioVersion = 10.0.40219.1
Project("{FAE04EC0-301F-11D3-BF4B-00C04F79EFBC}") = "EntityJoin", "EntityJoin.csproj", "{E43183F8-9D9F-4080-BA5F-454619D638A6}"
EndProject
Global
	GlobalSection(SolutionConfigurationPlatforms) = preSolution
		Debug|Any CPU = Debug|Any CPU
		Release|Any CPU = Release|Any CPU
	EndGlobalSection
	GlobalSection(ProjectConfigurationPlatforms) = postSolution
		{E43183F8-9D9F-4080-BA5F-454619D638A6}.Debug|Any CPU.ActiveCfg = Debug|Any CPU
		{E43183F8-9D9F-4080-BA5F-454619D638A6}.Debug|Any CPU.Build.0 = Debug|Any CPU
		{E43183F8-9D9F-4080-BA5F-454619D638A6}.Release|Any CPU.ActiveCfg = Release|Any CPU
		{E43183F8-9D9F-4080-BA5F-454619D638A6}.Release|Any CPU.Build.0 = Release|Any CPU
	EndGlobalSection
	GlobalSection(SolutionProperties) = preSolution
		HideSolutionNode = FALSE
	EndGlobalSection
	GlobalSection(ExtensibilityGlobals) = postSolution
		SolutionGuid = {C1C389DA-5FDC-43F0-8970-75B4E11797FB}
	EndGlobalSection
EndGlobal
