
Microsoft Visual Studio Solution File, Format Version 12.00
# Visual Studio Version 17
VisualStudioVersion = 17.5.002.0
MinimumVisualStudioVersion = 10.0.40219.1
Project("{2150E333-8FDC-42A3-9474-1A3956D46DE8}") = "GuidedProject", "GuidedProject", "{4CE060B7-6586-4C4F-813C-D1E00A7C11B4}"
EndProject
Project("{9A19103F-16F7-4668-BE54-9A1E7A4F7556}") = "Final", "GuidedProject\Final\Final.csproj", "{2EE8F6F8-9CF3-42D8-AE34-1AB16D822643}"
EndProject
Project("{9A19103F-16F7-4668-BE54-9A1E7A4F7556}") = "Starter", "GuidedProject\Starter\Starter.csproj", "{236DF918-75EA-46B2-B69E-3C4EF533123E}"
EndProject
Global
	GlobalSection(SolutionConfigurationPlatforms) = preSolution
		Debug|Any CPU = Debug|Any CPU
		Release|Any CPU = Release|Any CPU
	EndGlobalSection
	GlobalSection(ProjectConfigurationPlatforms) = postSolution
		{2EE8F6F8-9CF3-42D8-AE34-1AB16D822643}.Debug|Any CPU.ActiveCfg = Debug|Any CPU
		{2EE8F6F8-9CF3-42D8-AE34-1AB16D822643}.Debug|Any CPU.Build.0 = Debug|Any CPU
		{2EE8F6F8-9CF3-42D8-AE34-1AB16D822643}.Release|Any CPU.ActiveCfg = Release|Any CPU
		{2EE8F6F8-9CF3-42D8-AE34-1AB16D822643}.Release|Any CPU.Build.0 = Release|Any CPU
		{236DF918-75EA-46B2-B69E-3C4EF533123E}.Debug|Any CPU.ActiveCfg = Debug|Any CPU
		{236DF918-75EA-46B2-B69E-3C4EF533123E}.Debug|Any CPU.Build.0 = Debug|Any CPU
		{236DF918-75EA-46B2-B69E-3C4EF533123E}.Release|Any CPU.ActiveCfg = Release|Any CPU
		{236DF918-75EA-46B2-B69E-3C4EF533123E}.Release|Any CPU.Build.0 = Release|Any CPU
	EndGlobalSection
	GlobalSection(SolutionProperties) = preSolution
		HideSolutionNode = FALSE
	EndGlobalSection
	GlobalSection(NestedProjects) = preSolution
		{2EE8F6F8-9CF3-42D8-AE34-1AB16D822643} = {4CE060B7-6586-4C4F-813C-D1E00A7C11B4}
		{236DF918-75EA-46B2-B69E-3C4EF533123E} = {4CE060B7-6586-4C4F-813C-D1E00A7C11B4}
	EndGlobalSection
	GlobalSection(ExtensibilityGlobals) = postSolution
		SolutionGuid = {708DA867-DA8D-4F96-9F63-A181DFA475A9}
	EndGlobalSection
EndGlobal
