
Microsoft Visual Studio Solution File, Format Version 12.00
# Visual Studio Version 17
VisualStudioVersion = 17.8.34330.188
MinimumVisualStudioVersion = 10.0.40219.1
Project("{FAE04EC0-301F-11D3-BF4B-00C04F79EFBC}") = "PatternFactoryMethodsFitnessClub", "PatternFactoryMethodsFitnessClub.csproj", "{235EF76D-C8B0-4570-9785-B73C530B7845}"
EndProject
Global
	GlobalSection(SolutionConfigurationPlatforms) = preSolution
		Debug|Any CPU = Debug|Any CPU
		Release|Any CPU = Release|Any CPU
	EndGlobalSection
	GlobalSection(ProjectConfigurationPlatforms) = postSolution
		{235EF76D-C8B0-4570-9785-B73C530B7845}.Debug|Any CPU.ActiveCfg = Debug|Any CPU
		{235EF76D-C8B0-4570-9785-B73C530B7845}.Debug|Any CPU.Build.0 = Debug|Any CPU
		{235EF76D-C8B0-4570-9785-B73C530B7845}.Release|Any CPU.ActiveCfg = Release|Any CPU
		{235EF76D-C8B0-4570-9785-B73C530B7845}.Release|Any CPU.Build.0 = Release|Any CPU
	EndGlobalSection
	GlobalSection(SolutionProperties) = preSolution
		HideSolutionNode = FALSE
	EndGlobalSection
	GlobalSection(ExtensibilityGlobals) = postSolution
		SolutionGuid = {25F79B3D-F5D6-493E-8753-D648AEAB8372}
	EndGlobalSection
EndGlobal
