
Microsoft Visual Studio Solution File, Format Version 12.00
# Visual Studio Version 17
VisualStudioVersion = 17.9.34728.123
MinimumVisualStudioVersion = 10.0.40219.1
Project("{FAE04EC0-301F-11D3-BF4B-00C04F79EFBC}") = "Core", "Core\Core.csproj", "{0FC3DE86-B4B4-46D7-BFDD-7DF82521BE8D}"
EndProject
Global
	GlobalSection(SolutionConfigurationPlatforms) = preSolution
		Debug|Any CPU = Debug|Any CPU
		Release|Any CPU = Release|Any CPU
	EndGlobalSection
	GlobalSection(ProjectConfigurationPlatforms) = postSolution
		{0FC3DE86-B4B4-46D7-BFDD-7DF82521BE8D}.Debug|Any CPU.ActiveCfg = Debug|Any CPU
		{0FC3DE86-B4B4-46D7-BFDD-7DF82521BE8D}.Debug|Any CPU.Build.0 = Debug|Any CPU
		{0FC3DE86-B4B4-46D7-BFDD-7DF82521BE8D}.Release|Any CPU.ActiveCfg = Release|Any CPU
		{0FC3DE86-B4B4-46D7-BFDD-7DF82521BE8D}.Release|Any CPU.Build.0 = Release|Any CPU
	EndGlobalSection
	GlobalSection(SolutionProperties) = preSolution
		HideSolutionNode = FALSE
	EndGlobalSection
	GlobalSection(ExtensibilityGlobals) = postSolution
		SolutionGuid = {E91E2D29-BBF1-4025-AA2B-F96B3C51A4F1}
	EndGlobalSection
EndGlobal
