
Microsoft Visual Studio Solution File, Format Version 12.00
# Visual Studio Version 17
VisualStudioVersion = 17.9.34902.65
MinimumVisualStudioVersion = 10.0.40219.1
Project("{9A19103F-16F7-4668-BE54-9A1E7A4F7556}") = "WebApplicationFirstTry", "WebApplicationFirstTry\WebApplicationFirstTry.csproj", "{D01BF515-B00C-4E4D-B044-AA2CDA1E46A1}"
EndProject
Global
	GlobalSection(SolutionConfigurationPlatforms) = preSolution
		Debug|Any CPU = Debug|Any CPU
		Release|Any CPU = Release|Any CPU
	EndGlobalSection
	GlobalSection(ProjectConfigurationPlatforms) = postSolution
		{D01BF515-B00C-4E4D-B044-AA2CDA1E46A1}.Debug|Any CPU.ActiveCfg = Debug|Any CPU
		{D01BF515-B00C-4E4D-B044-AA2CDA1E46A1}.Debug|Any CPU.Build.0 = Debug|Any CPU
		{D01BF515-B00C-4E4D-B044-AA2CDA1E46A1}.Release|Any CPU.ActiveCfg = Release|Any CPU
		{D01BF515-B00C-4E4D-B044-AA2CDA1E46A1}.Release|Any CPU.Build.0 = Release|Any CPU
	EndGlobalSection
	GlobalSection(SolutionProperties) = preSolution
		HideSolutionNode = FALSE
	EndGlobalSection
	GlobalSection(ExtensibilityGlobals) = postSolution
		SolutionGuid = {80BC0956-213A-463C-B4EF-736135F200C6}
	EndGlobalSection
EndGlobal
