
Microsoft Visual Studio Solution File, Format Version 12.00
# Visual Studio Version 17
VisualStudioVersion = 17.8.34309.116
MinimumVisualStudioVersion = 10.0.40219.1
Project("{FAE04EC0-301F-11D3-BF4B-00C04F79EFBC}") = "UnitTest1", "UnitTest1.csproj", "{1373C842-9494-4C8E-B89B-0E32DE344200}"
EndProject
Global
	GlobalSection(SolutionConfigurationPlatforms) = preSolution
		Debug|Any CPU = Debug|Any CPU
		Release|Any CPU = Release|Any CPU
	EndGlobalSection
	GlobalSection(ProjectConfigurationPlatforms) = postSolution
		{1373C842-9494-4C8E-B89B-0E32DE344200}.Debug|Any CPU.ActiveCfg = Debug|Any CPU
		{1373C842-9494-4C8E-B89B-0E32DE344200}.Debug|Any CPU.Build.0 = Debug|Any CPU
		{1373C842-9494-4C8E-B89B-0E32DE344200}.Release|Any CPU.ActiveCfg = Release|Any CPU
		{1373C842-9494-4C8E-B89B-0E32DE344200}.Release|Any CPU.Build.0 = Release|Any CPU
	EndGlobalSection
	GlobalSection(SolutionProperties) = preSolution
		HideSolutionNode = FALSE
	EndGlobalSection
	GlobalSection(ExtensibilityGlobals) = postSolution
		SolutionGuid = {4064A11F-9F61-473E-A282-7B9463E60FA1}
	EndGlobalSection
EndGlobal
