
Microsoft Visual Studio Solution File, Format Version 12.00
# Visual Studio Version 17
VisualStudioVersion = 17.5.002.0
MinimumVisualStudioVersion = 10.0.40219.1
Project("{9A19103F-16F7-4668-BE54-9A1E7A4F7556}") = "Exceptions101", "Exceptions101.csproj", "{EA485C3D-161E-4849-9D4E-47590EE04B00}"
EndProject
Global
	GlobalSection(SolutionConfigurationPlatforms) = preSolution
		Debug|Any CPU = Debug|Any CPU
		Release|Any CPU = Release|Any CPU
	EndGlobalSection
	GlobalSection(ProjectConfigurationPlatforms) = postSolution
		{EA485C3D-161E-4849-9D4E-47590EE04B00}.Debug|Any CPU.ActiveCfg = Debug|Any CPU
		{EA485C3D-161E-4849-9D4E-47590EE04B00}.Debug|Any CPU.Build.0 = Debug|Any CPU
		{EA485C3D-161E-4849-9D4E-47590EE04B00}.Release|Any CPU.ActiveCfg = Release|Any CPU
		{EA485C3D-161E-4849-9D4E-47590EE04B00}.Release|Any CPU.Build.0 = Release|Any CPU
	EndGlobalSection
	GlobalSection(SolutionProperties) = preSolution
		HideSolutionNode = FALSE
	EndGlobalSection
	GlobalSection(ExtensibilityGlobals) = postSolution
		SolutionGuid = {FF489F52-26E3-4776-BF49-4079B77A00C0}
	EndGlobalSection
EndGlobal
