
Microsoft Visual Studio Solution File, Format Version 12.00
# Visual Studio Version 17
VisualStudioVersion = 17.8.34322.80
MinimumVisualStudioVersion = 10.0.40219.1
Project("{FAE04EC0-301F-11D3-BF4B-00C04F79EFBC}") = "DelegatesPractice", "DelegatesPractice.csproj", "{5681CE70-8943-40E4-8ECA-4A818D044B13}"
EndProject
Global
	GlobalSection(SolutionConfigurationPlatforms) = preSolution
		Debug|Any CPU = Debug|Any CPU
		Release|Any CPU = Release|Any CPU
	EndGlobalSection
	GlobalSection(ProjectConfigurationPlatforms) = postSolution
		{5681CE70-8943-40E4-8ECA-4A818D044B13}.Debug|Any CPU.ActiveCfg = Debug|Any CPU
		{5681CE70-8943-40E4-8ECA-4A818D044B13}.Debug|Any CPU.Build.0 = Debug|Any CPU
		{5681CE70-8943-40E4-8ECA-4A818D044B13}.Release|Any CPU.ActiveCfg = Release|Any CPU
		{5681CE70-8943-40E4-8ECA-4A818D044B13}.Release|Any CPU.Build.0 = Release|Any CPU
	EndGlobalSection
	GlobalSection(SolutionProperties) = preSolution
		HideSolutionNode = FALSE
	EndGlobalSection
	GlobalSection(ExtensibilityGlobals) = postSolution
		SolutionGuid = {D840332E-2E9F-4CEB-9C19-E2F03631E453}
	EndGlobalSection
EndGlobal
